
Microsoft Visual Studio Solution File, Format Version 12.00
# Visual Studio Version 17
VisualStudioVersion = 17.5.002.0
MinimumVisualStudioVersion = 10.0.40219.1
Project("{9A19103F-16F7-4668-BE54-9A1E7A4F7556}") = "c#", "c#\c#.csproj", "{BEBE1662-2D08-49C9-A647-EC96F665E1B6}"
EndProject
Global
	GlobalSection(SolutionConfigurationPlatforms) = preSolution
		Debug|Any CPU = Debug|Any CPU
		Release|Any CPU = Release|Any CPU
	EndGlobalSection
	GlobalSection(ProjectConfigurationPlatforms) = postSolution
		{BEBE1662-2D08-49C9-A647-EC96F665E1B6}.Debug|Any CPU.ActiveCfg = Debug|Any CPU
		{BEBE1662-2D08-49C9-A647-EC96F665E1B6}.Debug|Any CPU.Build.0 = Debug|Any CPU
		{BEBE1662-2D08-49C9-A647-EC96F665E1B6}.Release|Any CPU.ActiveCfg = Release|Any CPU
		{BEBE1662-2D08-49C9-A647-EC96F665E1B6}.Release|Any CPU.Build.0 = Release|Any CPU
	EndGlobalSection
	GlobalSection(SolutionProperties) = preSolution
		HideSolutionNode = FALSE
	EndGlobalSection
	GlobalSection(ExtensibilityGlobals) = postSolution
		SolutionGuid = {419A437D-EFC4-47DA-B23D-4E3A2BFD5486}
	EndGlobalSection
EndGlobal
